
Microsoft Visual Studio Solution File, Format Version 12.00
# Visual Studio Version 17
VisualStudioVersion = 17.4.33205.214
MinimumVisualStudioVersion = 10.0.40219.1
Project("{FAE04EC0-301F-11D3-BF4B-00C04F79EFBC}") = "RabbitMQConsumer", "RabbitMQConsumer\RabbitMQConsumer.csproj", "{A434829D-851F-4233-A742-DD931FD72530}"
EndProject
Global
	GlobalSection(SolutionConfigurationPlatforms) = preSolution
		Debug|Any CPU = Debug|Any CPU
		Release|Any CPU = Release|Any CPU
	EndGlobalSection
	GlobalSection(ProjectConfigurationPlatforms) = postSolution
		{A434829D-851F-4233-A742-DD931FD72530}.Debug|Any CPU.ActiveCfg = Debug|Any CPU
		{A434829D-851F-4233-A742-DD931FD72530}.Debug|Any CPU.Build.0 = Debug|Any CPU
		{A434829D-851F-4233-A742-DD931FD72530}.Release|Any CPU.ActiveCfg = Release|Any CPU
		{A434829D-851F-4233-A742-DD931FD72530}.Release|Any CPU.Build.0 = Release|Any CPU
	EndGlobalSection
	GlobalSection(SolutionProperties) = preSolution
		HideSolutionNode = FALSE
	EndGlobalSection
	GlobalSection(ExtensibilityGlobals) = postSolution
		SolutionGuid = {83DB7A1A-AE71-4589-8F0D-121AC71EC6AC}
	EndGlobalSection
EndGlobal
